
Microsoft Visual Studio Solution File, Format Version 12.00
Project("{FAE04EC0-301F-11D3-BF4B-00C04F79EFBC}") = "P5Variables", "P5Variables\P5Variables.csproj", "{164B9B97-9E8D-484C-84E1-A393A455DBF7}"
EndProject
Project("{FAE04EC0-301F-11D3-BF4B-00C04F79EFBC}") = "P2CodeExecution", "P2CodeExecution\P2CodeExecution.csproj", "{354B21E1-42AD-40CF-9B3A-58F8C504C96D}"
EndProject
Project("{FAE04EC0-301F-11D3-BF4B-00C04F79EFBC}") = "P3PrintingOutput", "P3PrintingOutput\P3PrintingOutput.csproj", "{17AB8C46-1192-4C4D-85B6-E51FDBF0A537}"
EndProject
Project("{FAE04EC0-301F-11D3-BF4B-00C04F79EFBC}") = "P4Comments", "P4Comments\P4Comments.csproj", "{49FEAEB1-811D-4C8D-8B5B-315F0815DCF6}"
EndProject
Project("{FAE04EC0-301F-11D3-BF4B-00C04F79EFBC}") = "P6DataTypes", "P6DataTypes\P6DataTypes.csproj", "{F537F2B2-312C-45AE-8210-C74854E49507}"
EndProject
Project("{FAE04EC0-301F-11D3-BF4B-00C04F79EFBC}") = "P7Input", "P7Input\P7Input.csproj", "{4F8FD0CC-C941-4344-807C-988FC972F711}"
EndProject
Project("{FAE04EC0-301F-11D3-BF4B-00C04F79EFBC}") = "P8Conversion", "P8Conversion\P8Conversion.csproj", "{9D8A2F26-1645-4E03-9F9C-F00157700500}"
EndProject
Project("{FAE04EC0-301F-11D3-BF4B-00C04F79EFBC}") = "Exercise1", "Exercise1\Exercise1.csproj", "{9298F5A7-AA5A-4ADF-A698-BADF8259938C}"
EndProject
Project("{FAE04EC0-301F-11D3-BF4B-00C04F79EFBC}") = "Exercise2", "Exercise2\Exercise2.csproj", "{1823F247-E97D-4C94-B943-973F44E42310}"
EndProject
Project("{FAE04EC0-301F-11D3-BF4B-00C04F79EFBC}") = "ExerciseBonus3", "ExerciseBonus3\ExerciseBonus3.csproj", "{6B953ED5-0745-4462-A097-5FAF38806BEA}"
EndProject
Project("{FAE04EC0-301F-11D3-BF4B-00C04F79EFBC}") = "Exercise3", "Exercise3\Exercise3.csproj", "{5FE9035A-FCE6-4A23-9C81-53091F43969E}"
EndProject
Project("{FAE04EC0-301F-11D3-BF4B-00C04F79EFBC}") = "Exercise4", "Exercise4\Exercise4.csproj", "{F63D3439-D45F-42F7-BDEE-4208C0F5057A}"
EndProject
Project("{FAE04EC0-301F-11D3-BF4B-00C04F79EFBC}") = "Exercise5", "Exercise5\Exercise5.csproj", "{2FB2F21D-4C3A-45B4-B230-B21ACDDF83B5}"
EndProject
Project("{FAE04EC0-301F-11D3-BF4B-00C04F79EFBC}") = "Exercise6", "Exercise6\Exercise6.csproj", "{77092FD3-69BD-4CA0-971B-733FE979BBB5}"
EndProject
Project("{FAE04EC0-301F-11D3-BF4B-00C04F79EFBC}") = "Exercise7", "Exercise7\Exercise7.csproj", "{23B8BBED-88AF-41C9-BFF8-AD1FC42942D9}"
EndProject
Project("{FAE04EC0-301F-11D3-BF4B-00C04F79EFBC}") = "Exercise8", "Exercise8\Exercise8.csproj", "{0C6E63F6-3182-44FB-A979-EF3766271642}"
EndProject
Project("{FAE04EC0-301F-11D3-BF4B-00C04F79EFBC}") = "Exercise9", "Exercise9\Exercise9.csproj", "{B47A5AF7-824E-403F-9690-057F040B9099}"
EndProject
Project("{FAE04EC0-301F-11D3-BF4B-00C04F79EFBC}") = "P9Operators", "P9Operators\P9Operators.csproj", "{C4C197DA-73AB-4804-AAEF-1E53835F8DAB}"
EndProject
Project("{FAE04EC0-301F-11D3-BF4B-00C04F79EFBC}") = "ExerciseBonus1", "ExerciseBonus1\ExerciseBonus1.csproj", "{960340DA-9D09-4403-A29F-5668877F4B2A}"
EndProject
Project("{FAE04EC0-301F-11D3-BF4B-00C04F79EFBC}") = "ExerciseBonus2", "ExerciseBonus2\ExerciseBonus2.csproj", "{15CEE3B3-FF12-4128-B213-FBA14A580772}"
EndProject
Project("{FAE04EC0-301F-11D3-BF4B-00C04F79EFBC}") = "P8Boolean", "P8Boolean\P8Boolean.csproj", "{26019A55-CB3B-455D-8F31-D4ED56571F1A}"
EndProject
Global
	GlobalSection(SolutionConfigurationPlatforms) = preSolution
		Debug|Any CPU = Debug|Any CPU
		Release|Any CPU = Release|Any CPU
	EndGlobalSection
	GlobalSection(ProjectConfigurationPlatforms) = postSolution
		{164B9B97-9E8D-484C-84E1-A393A455DBF7}.Debug|Any CPU.ActiveCfg = Debug|Any CPU
		{164B9B97-9E8D-484C-84E1-A393A455DBF7}.Debug|Any CPU.Build.0 = Debug|Any CPU
		{164B9B97-9E8D-484C-84E1-A393A455DBF7}.Release|Any CPU.ActiveCfg = Release|Any CPU
		{164B9B97-9E8D-484C-84E1-A393A455DBF7}.Release|Any CPU.Build.0 = Release|Any CPU
		{354B21E1-42AD-40CF-9B3A-58F8C504C96D}.Debug|Any CPU.ActiveCfg = Debug|Any CPU
		{354B21E1-42AD-40CF-9B3A-58F8C504C96D}.Debug|Any CPU.Build.0 = Debug|Any CPU
		{354B21E1-42AD-40CF-9B3A-58F8C504C96D}.Release|Any CPU.ActiveCfg = Release|Any CPU
		{354B21E1-42AD-40CF-9B3A-58F8C504C96D}.Release|Any CPU.Build.0 = Release|Any CPU
		{17AB8C46-1192-4C4D-85B6-E51FDBF0A537}.Debug|Any CPU.ActiveCfg = Debug|Any CPU
		{17AB8C46-1192-4C4D-85B6-E51FDBF0A537}.Debug|Any CPU.Build.0 = Debug|Any CPU
		{17AB8C46-1192-4C4D-85B6-E51FDBF0A537}.Release|Any CPU.ActiveCfg = Release|Any CPU
		{17AB8C46-1192-4C4D-85B6-E51FDBF0A537}.Release|Any CPU.Build.0 = Release|Any CPU
		{49FEAEB1-811D-4C8D-8B5B-315F0815DCF6}.Debug|Any CPU.ActiveCfg = Debug|Any CPU
		{49FEAEB1-811D-4C8D-8B5B-315F0815DCF6}.Debug|Any CPU.Build.0 = Debug|Any CPU
		{49FEAEB1-811D-4C8D-8B5B-315F0815DCF6}.Release|Any CPU.ActiveCfg = Release|Any CPU
		{49FEAEB1-811D-4C8D-8B5B-315F0815DCF6}.Release|Any CPU.Build.0 = Release|Any CPU
		{F537F2B2-312C-45AE-8210-C74854E49507}.Debug|Any CPU.ActiveCfg = Debug|Any CPU
		{F537F2B2-312C-45AE-8210-C74854E49507}.Debug|Any CPU.Build.0 = Debug|Any CPU
		{F537F2B2-312C-45AE-8210-C74854E49507}.Release|Any CPU.ActiveCfg = Release|Any CPU
		{F537F2B2-312C-45AE-8210-C74854E49507}.Release|Any CPU.Build.0 = Release|Any CPU
		{4F8FD0CC-C941-4344-807C-988FC972F711}.Debug|Any CPU.ActiveCfg = Debug|Any CPU
		{4F8FD0CC-C941-4344-807C-988FC972F711}.Debug|Any CPU.Build.0 = Debug|Any CPU
		{4F8FD0CC-C941-4344-807C-988FC972F711}.Release|Any CPU.ActiveCfg = Release|Any CPU
		{4F8FD0CC-C941-4344-807C-988FC972F711}.Release|Any CPU.Build.0 = Release|Any CPU
		{9D8A2F26-1645-4E03-9F9C-F00157700500}.Debug|Any CPU.ActiveCfg = Debug|Any CPU
		{9D8A2F26-1645-4E03-9F9C-F00157700500}.Debug|Any CPU.Build.0 = Debug|Any CPU
		{9D8A2F26-1645-4E03-9F9C-F00157700500}.Release|Any CPU.ActiveCfg = Release|Any CPU
		{9D8A2F26-1645-4E03-9F9C-F00157700500}.Release|Any CPU.Build.0 = Release|Any CPU
		{9298F5A7-AA5A-4ADF-A698-BADF8259938C}.Debug|Any CPU.ActiveCfg = Debug|Any CPU
		{9298F5A7-AA5A-4ADF-A698-BADF8259938C}.Debug|Any CPU.Build.0 = Debug|Any CPU
		{9298F5A7-AA5A-4ADF-A698-BADF8259938C}.Release|Any CPU.ActiveCfg = Release|Any CPU
		{9298F5A7-AA5A-4ADF-A698-BADF8259938C}.Release|Any CPU.Build.0 = Release|Any CPU
		{1823F247-E97D-4C94-B943-973F44E42310}.Debug|Any CPU.ActiveCfg = Debug|Any CPU
		{1823F247-E97D-4C94-B943-973F44E42310}.Debug|Any CPU.Build.0 = Debug|Any CPU
		{1823F247-E97D-4C94-B943-973F44E42310}.Release|Any CPU.ActiveCfg = Release|Any CPU
		{1823F247-E97D-4C94-B943-973F44E42310}.Release|Any CPU.Build.0 = Release|Any CPU
		{6B953ED5-0745-4462-A097-5FAF38806BEA}.Debug|Any CPU.ActiveCfg = Debug|Any CPU
		{6B953ED5-0745-4462-A097-5FAF38806BEA}.Debug|Any CPU.Build.0 = Debug|Any CPU
		{6B953ED5-0745-4462-A097-5FAF38806BEA}.Release|Any CPU.ActiveCfg = Release|Any CPU
		{6B953ED5-0745-4462-A097-5FAF38806BEA}.Release|Any CPU.Build.0 = Release|Any CPU
		{5FE9035A-FCE6-4A23-9C81-53091F43969E}.Debug|Any CPU.ActiveCfg = Debug|Any CPU
		{5FE9035A-FCE6-4A23-9C81-53091F43969E}.Debug|Any CPU.Build.0 = Debug|Any CPU
		{5FE9035A-FCE6-4A23-9C81-53091F43969E}.Release|Any CPU.ActiveCfg = Release|Any CPU
		{5FE9035A-FCE6-4A23-9C81-53091F43969E}.Release|Any CPU.Build.0 = Release|Any CPU
		{F63D3439-D45F-42F7-BDEE-4208C0F5057A}.Debug|Any CPU.ActiveCfg = Debug|Any CPU
		{F63D3439-D45F-42F7-BDEE-4208C0F5057A}.Debug|Any CPU.Build.0 = Debug|Any CPU
		{F63D3439-D45F-42F7-BDEE-4208C0F5057A}.Release|Any CPU.ActiveCfg = Release|Any CPU
		{F63D3439-D45F-42F7-BDEE-4208C0F5057A}.Release|Any CPU.Build.0 = Release|Any CPU
		{2FB2F21D-4C3A-45B4-B230-B21ACDDF83B5}.Debug|Any CPU.ActiveCfg = Debug|Any CPU
		{2FB2F21D-4C3A-45B4-B230-B21ACDDF83B5}.Debug|Any CPU.Build.0 = Debug|Any CPU
		{2FB2F21D-4C3A-45B4-B230-B21ACDDF83B5}.Release|Any CPU.ActiveCfg = Release|Any CPU
		{2FB2F21D-4C3A-45B4-B230-B21ACDDF83B5}.Release|Any CPU.Build.0 = Release|Any CPU
		{77092FD3-69BD-4CA0-971B-733FE979BBB5}.Debug|Any CPU.ActiveCfg = Debug|Any CPU
		{77092FD3-69BD-4CA0-971B-733FE979BBB5}.Debug|Any CPU.Build.0 = Debug|Any CPU
		{77092FD3-69BD-4CA0-971B-733FE979BBB5}.Release|Any CPU.ActiveCfg = Release|Any CPU
		{77092FD3-69BD-4CA0-971B-733FE979BBB5}.Release|Any CPU.Build.0 = Release|Any CPU
		{23B8BBED-88AF-41C9-BFF8-AD1FC42942D9}.Debug|Any CPU.ActiveCfg = Debug|Any CPU
		{23B8BBED-88AF-41C9-BFF8-AD1FC42942D9}.Debug|Any CPU.Build.0 = Debug|Any CPU
		{23B8BBED-88AF-41C9-BFF8-AD1FC42942D9}.Release|Any CPU.ActiveCfg = Release|Any CPU
		{23B8BBED-88AF-41C9-BFF8-AD1FC42942D9}.Release|Any CPU.Build.0 = Release|Any CPU
		{0C6E63F6-3182-44FB-A979-EF3766271642}.Debug|Any CPU.ActiveCfg = Debug|Any CPU
		{0C6E63F6-3182-44FB-A979-EF3766271642}.Debug|Any CPU.Build.0 = Debug|Any CPU
		{0C6E63F6-3182-44FB-A979-EF3766271642}.Release|Any CPU.ActiveCfg = Release|Any CPU
		{0C6E63F6-3182-44FB-A979-EF3766271642}.Release|Any CPU.Build.0 = Release|Any CPU
		{B47A5AF7-824E-403F-9690-057F040B9099}.Debug|Any CPU.ActiveCfg = Debug|Any CPU
		{B47A5AF7-824E-403F-9690-057F040B9099}.Debug|Any CPU.Build.0 = Debug|Any CPU
		{B47A5AF7-824E-403F-9690-057F040B9099}.Release|Any CPU.ActiveCfg = Release|Any CPU
		{B47A5AF7-824E-403F-9690-057F040B9099}.Release|Any CPU.Build.0 = Release|Any CPU
		{C4C197DA-73AB-4804-AAEF-1E53835F8DAB}.Debug|Any CPU.ActiveCfg = Debug|Any CPU
		{C4C197DA-73AB-4804-AAEF-1E53835F8DAB}.Debug|Any CPU.Build.0 = Debug|Any CPU
		{C4C197DA-73AB-4804-AAEF-1E53835F8DAB}.Release|Any CPU.ActiveCfg = Release|Any CPU
		{C4C197DA-73AB-4804-AAEF-1E53835F8DAB}.Release|Any CPU.Build.0 = Release|Any CPU
		{960340DA-9D09-4403-A29F-5668877F4B2A}.Debug|Any CPU.ActiveCfg = Debug|Any CPU
		{960340DA-9D09-4403-A29F-5668877F4B2A}.Debug|Any CPU.Build.0 = Debug|Any CPU
		{960340DA-9D09-4403-A29F-5668877F4B2A}.Release|Any CPU.ActiveCfg = Release|Any CPU
		{960340DA-9D09-4403-A29F-5668877F4B2A}.Release|Any CPU.Build.0 = Release|Any CPU
		{15CEE3B3-FF12-4128-B213-FBA14A580772}.Debug|Any CPU.ActiveCfg = Debug|Any CPU
		{15CEE3B3-FF12-4128-B213-FBA14A580772}.Debug|Any CPU.Build.0 = Debug|Any CPU
		{15CEE3B3-FF12-4128-B213-FBA14A580772}.Release|Any CPU.ActiveCfg = Release|Any CPU
		{15CEE3B3-FF12-4128-B213-FBA14A580772}.Release|Any CPU.Build.0 = Release|Any CPU
		{26019A55-CB3B-455D-8F31-D4ED56571F1A}.Debug|Any CPU.ActiveCfg = Debug|Any CPU
		{26019A55-CB3B-455D-8F31-D4ED56571F1A}.Debug|Any CPU.Build.0 = Debug|Any CPU
		{26019A55-CB3B-455D-8F31-D4ED56571F1A}.Release|Any CPU.ActiveCfg = Release|Any CPU
		{26019A55-CB3B-455D-8F31-D4ED56571F1A}.Release|Any CPU.Build.0 = Release|Any CPU
	EndGlobalSection
EndGlobal
